{
  "version": 4,
  "terraform_version": "1.2.5",
  "serial": 5,
  "lineage": "bc4eab70-c647-e6ce-7d77-43130f751b1d",
  "outputs": {},
  "resources": [
    {
      "mode": "managed",
      "type": "proxmox_vm_qemu",
      "name": "ubuntu-vm",
      "provider": "provider[\"registry.terraform.io/telmate/proxmox\"]",
      "instances": [
        {
          "index_key": 0,
          "status": "tainted",
          "schema_version": 0,
          "attributes": {
            "additional_wait": 0,
            "agent": 1,
            "args": null,
            "automatic_reboot": true,
            "balloon": 0,
            "bios": "seabios",
            "boot": "c",
            "bootdisk": null,
            "bridge": null,
            "ci_wait": null,
            "cicustom": null,
            "cipassword": null,
            "ciuser": null,
            "clone": "ubuntu-2204-cloud-vm",
            "clone_wait": 0,
            "cloudinit_cdrom_storage": null,
            "cores": 2,
            "cpu": "host",
            "default_ipv4_address": null,
            "define_connection_info": true,
            "desc": "Testing out virtual machines",
            "disk": [],
            "disk_gb": null,
            "force_create": false,
            "force_recreate_on_change_of": null,
            "full_clone": true,
            "guest_agent_ready_timeout": 100,
            "hagroup": null,
            "hastate": null,
            "hotplug": "network,disk,usb",
            "id": "pve/qemu/201",
            "ipconfig0": "ip=10.10.10.21/24,gw=10.10.10.1",
            "ipconfig1": null,
            "ipconfig2": null,
            "ipconfig3": null,
            "ipconfig4": null,
            "ipconfig5": null,
            "iso": null,
            "kvm": true,
            "mac": null,
            "memory": 2048,
            "name": "ubuntu-vm-01",
            "nameserver": null,
            "network": [
              {
                "bridge": "vmbr0",
                "firewall": false,
                "link_down": false,
                "macaddr": "",
                "model": "virtio",
                "mtu": 0,
                "queues": 0,
                "rate": 0,
                "tag": -1
              }
            ],
            "nic": null,
            "numa": false,
            "onboot": true,
            "oncreate": true,
            "os_network_config": null,
            "os_type": "cloud-init",
            "pool": null,
            "preprovision": true,
            "pxe": null,
            "qemu_os": null,
            "reboot_required": null,
            "scsihw": null,
            "searchdomain": null,
            "serial": [],
            "sockets": 1,
            "ssh_forward_ip": null,
            "ssh_host": null,
            "ssh_port": null,
            "ssh_private_key": null,
            "ssh_user": null,
            "sshkeys": null,
            "storage": null,
            "storage_type": null,
            "tablet": true,
            "tags": null,
            "target_node": "pve",
            "timeouts": null,
            "unused_disk": null,
            "usb": [],
            "vcpus": 0,
            "vga": [],
            "vlan": -1,
            "vmid": 201
          },
          "sensitive_attributes": [],
          "private": "eyJlMmJmYjczMC1lY2FhLTExZTYtOGY4OC0zNDM2M2JjN2M0YzAiOnsiY3JlYXRlIjozMDAwMDAwMDAwMDAsImRlZmF1bHQiOjMwMDAwMDAwMDAwMCwiZGVsZXRlIjoxODAwMDAwMDAwMDAsInJlYWQiOjE4MDAwMDAwMDAwMCwidXBkYXRlIjoxODAwMDAwMDAwMDB9fQ=="
        }
      ]
    }
  ]
}
